
Microsoft Visual Studio Solution File, Format Version 12.00
# Visual Studio Version 16
VisualStudioVersion = 16.0.810.25
MinimumVisualStudioVersion = 10.0.40219.1
Project("{FAE04EC0-301F-11D3-BF4B-00C04F79EFBC}") = "HW_13_File_Serialization", "HW_13_File_Serialization.csproj", "{8337BD37-702B-409A-9A0E-9B3173AC9A4F}"
EndProject
Global
	GlobalSection(SolutionConfigurationPlatforms) = preSolution
		Debug|Any CPU = Debug|Any CPU
		Release|Any CPU = Release|Any CPU
	EndGlobalSection
	GlobalSection(ProjectConfigurationPlatforms) = postSolution
		{8337BD37-702B-409A-9A0E-9B3173AC9A4F}.Debug|Any CPU.ActiveCfg = Debug|Any CPU
		{8337BD37-702B-409A-9A0E-9B3173AC9A4F}.Debug|Any CPU.Build.0 = Debug|Any CPU
		{8337BD37-702B-409A-9A0E-9B3173AC9A4F}.Release|Any CPU.ActiveCfg = Release|Any CPU
		{8337BD37-702B-409A-9A0E-9B3173AC9A4F}.Release|Any CPU.Build.0 = Release|Any CPU
	EndGlobalSection
	GlobalSection(SolutionProperties) = preSolution
		HideSolutionNode = FALSE
	EndGlobalSection
	GlobalSection(ExtensibilityGlobals) = postSolution
		SolutionGuid = {FC5C1DA4-2890-463E-8819-132542A7D31D}
	EndGlobalSection
EndGlobal
