
Microsoft Visual Studio Solution File, Format Version 12.00
# Visual Studio Version 16
VisualStudioVersion = 16.0.810.25
MinimumVisualStudioVersion = 10.0.40219.1
Project("{FAE04EC0-301F-11D3-BF4B-00C04F79EFBC}") = "HW_04_Extra", "HW_04_Extra\HW_04_Extra.csproj", "{7F571597-DAEC-442C-82A3-E9E9A573AFC2}"
EndProject
Global
	GlobalSection(SolutionConfigurationPlatforms) = preSolution
		Debug|Any CPU = Debug|Any CPU
		Release|Any CPU = Release|Any CPU
	EndGlobalSection
	GlobalSection(ProjectConfigurationPlatforms) = postSolution
		{7F571597-DAEC-442C-82A3-E9E9A573AFC2}.Debug|Any CPU.ActiveCfg = Debug|Any CPU
		{7F571597-DAEC-442C-82A3-E9E9A573AFC2}.Debug|Any CPU.Build.0 = Debug|Any CPU
		{7F571597-DAEC-442C-82A3-E9E9A573AFC2}.Release|Any CPU.ActiveCfg = Release|Any CPU
		{7F571597-DAEC-442C-82A3-E9E9A573AFC2}.Release|Any CPU.Build.0 = Release|Any CPU
	EndGlobalSection
	GlobalSection(SolutionProperties) = preSolution
		HideSolutionNode = FALSE
	EndGlobalSection
	GlobalSection(ExtensibilityGlobals) = postSolution
		SolutionGuid = {F74F5889-AF85-4714-BE8F-0F94C14724DA}
	EndGlobalSection
EndGlobal
