
Microsoft Visual Studio Solution File, Format Version 12.00
# Visual Studio Version 16
VisualStudioVersion = 16.0.810.25
MinimumVisualStudioVersion = 10.0.40219.1
Project("{FAE04EC0-301F-11D3-BF4B-00C04F79EFBC}") = "Project_2_TicTacToe_OOP", "Project_2_TicTacToe_OOP\Project_2_TicTacToe_OOP.csproj", "{9B796326-704F-485A-BCB2-615AB3B68447}"
EndProject
Global
	GlobalSection(SolutionConfigurationPlatforms) = preSolution
		Debug|Any CPU = Debug|Any CPU
		Release|Any CPU = Release|Any CPU
	EndGlobalSection
	GlobalSection(ProjectConfigurationPlatforms) = postSolution
		{9B796326-704F-485A-BCB2-615AB3B68447}.Debug|Any CPU.ActiveCfg = Debug|Any CPU
		{9B796326-704F-485A-BCB2-615AB3B68447}.Debug|Any CPU.Build.0 = Debug|Any CPU
		{9B796326-704F-485A-BCB2-615AB3B68447}.Release|Any CPU.ActiveCfg = Release|Any CPU
		{9B796326-704F-485A-BCB2-615AB3B68447}.Release|Any CPU.Build.0 = Release|Any CPU
	EndGlobalSection
	GlobalSection(SolutionProperties) = preSolution
		HideSolutionNode = FALSE
	EndGlobalSection
	GlobalSection(ExtensibilityGlobals) = postSolution
		SolutionGuid = {BBEDAAC2-A8DE-49AB-BD39-31B5C4ED22FA}
	EndGlobalSection
EndGlobal
