
Microsoft Visual Studio Solution File, Format Version 12.00
# Visual Studio Version 16
VisualStudioVersion = 16.0.810.25
MinimumVisualStudioVersion = 10.0.40219.1
Project("{FAE04EC0-301F-11D3-BF4B-00C04F79EFBC}") = "Project1_Snake_SelfLearn", "Project1_Snake_SelfLearn\Project1_Snake_SelfLearn.csproj", "{229E6373-AF20-40C0-91BA-3A6307210747}"
EndProject
Global
	GlobalSection(SolutionConfigurationPlatforms) = preSolution
		Debug|Any CPU = Debug|Any CPU
		Release|Any CPU = Release|Any CPU
	EndGlobalSection
	GlobalSection(ProjectConfigurationPlatforms) = postSolution
		{229E6373-AF20-40C0-91BA-3A6307210747}.Debug|Any CPU.ActiveCfg = Debug|Any CPU
		{229E6373-AF20-40C0-91BA-3A6307210747}.Debug|Any CPU.Build.0 = Debug|Any CPU
		{229E6373-AF20-40C0-91BA-3A6307210747}.Release|Any CPU.ActiveCfg = Release|Any CPU
		{229E6373-AF20-40C0-91BA-3A6307210747}.Release|Any CPU.Build.0 = Release|Any CPU
	EndGlobalSection
	GlobalSection(SolutionProperties) = preSolution
		HideSolutionNode = FALSE
	EndGlobalSection
	GlobalSection(ExtensibilityGlobals) = postSolution
		SolutionGuid = {BA8A54AF-477F-46E4-A91F-EBA804C5ECEF}
	EndGlobalSection
EndGlobal
