
Microsoft Visual Studio Solution File, Format Version 12.00
# Visual Studio Version 16
VisualStudioVersion = 16.0.810.25
MinimumVisualStudioVersion = 10.0.40219.1
Project("{FAE04EC0-301F-11D3-BF4B-00C04F79EFBC}") = "Project_2_TicTacToe", "Project_2_TicTacToe.csproj", "{233B3D2D-3C05-4E4D-BD5D-345B7D5B9F6F}"
EndProject
Global
	GlobalSection(SolutionConfigurationPlatforms) = preSolution
		Debug|Any CPU = Debug|Any CPU
		Release|Any CPU = Release|Any CPU
	EndGlobalSection
	GlobalSection(ProjectConfigurationPlatforms) = postSolution
		{233B3D2D-3C05-4E4D-BD5D-345B7D5B9F6F}.Debug|Any CPU.ActiveCfg = Debug|Any CPU
		{233B3D2D-3C05-4E4D-BD5D-345B7D5B9F6F}.Debug|Any CPU.Build.0 = Debug|Any CPU
		{233B3D2D-3C05-4E4D-BD5D-345B7D5B9F6F}.Release|Any CPU.ActiveCfg = Release|Any CPU
		{233B3D2D-3C05-4E4D-BD5D-345B7D5B9F6F}.Release|Any CPU.Build.0 = Release|Any CPU
	EndGlobalSection
	GlobalSection(SolutionProperties) = preSolution
		HideSolutionNode = FALSE
	EndGlobalSection
	GlobalSection(ExtensibilityGlobals) = postSolution
		SolutionGuid = {3FBD9A2B-B0C2-4E29-893F-68CB9363795F}
	EndGlobalSection
EndGlobal
