
Microsoft Visual Studio Solution File, Format Version 12.00
# Visual Studio Version 16
VisualStudioVersion = 16.0.810.25
Project("{FAE04EC0-301F-11D3-BF4B-00C04F79EFBC}") = "HW_11_OOP_Geometric_System", "HW_11_OOP_Geometric_System\HW_11_OOP_Geometric_System.csproj", "{89C1B998-C984-46EC-9E9F-B8C21EDDD792}"
EndProject
Global
	GlobalSection(SolutionConfigurationPlatforms) = preSolution
		Debug|Any CPU = Debug|Any CPU
		Release|Any CPU = Release|Any CPU
	EndGlobalSection
	GlobalSection(ProjectConfigurationPlatforms) = postSolution
		{89C1B998-C984-46EC-9E9F-B8C21EDDD792}.Debug|Any CPU.ActiveCfg = Debug|Any CPU
		{89C1B998-C984-46EC-9E9F-B8C21EDDD792}.Debug|Any CPU.Build.0 = Debug|Any CPU
		{89C1B998-C984-46EC-9E9F-B8C21EDDD792}.Release|Any CPU.ActiveCfg = Release|Any CPU
		{89C1B998-C984-46EC-9E9F-B8C21EDDD792}.Release|Any CPU.Build.0 = Release|Any CPU
	EndGlobalSection
	GlobalSection(SolutionProperties) = preSolution
		HideSolutionNode = FALSE
	EndGlobalSection
	GlobalSection(ExtensibilityGlobals) = postSolution
		SolutionGuid = {1E308E65-1F8B-404E-A18F-9F09BD7C210A}
	EndGlobalSection
EndGlobal
