
Microsoft Visual Studio Solution File, Format Version 12.00
# Visual Studio Version 16
VisualStudioVersion = 16.0.810.25
MinimumVisualStudioVersion = 10.0.40219.1
Project("{FAE04EC0-301F-11D3-BF4B-00C04F79EFBC}") = "HW_OOP_L1.2_Time", "HW_OOP_L1.2_Time\HW_OOP_L1.2_Time.csproj", "{CC1B27E1-B0FA-4515-9F74-0ABEDFB6727B}"
EndProject
Global
	GlobalSection(SolutionConfigurationPlatforms) = preSolution
		Debug|Any CPU = Debug|Any CPU
		Release|Any CPU = Release|Any CPU
	EndGlobalSection
	GlobalSection(ProjectConfigurationPlatforms) = postSolution
		{CC1B27E1-B0FA-4515-9F74-0ABEDFB6727B}.Debug|Any CPU.ActiveCfg = Debug|Any CPU
		{CC1B27E1-B0FA-4515-9F74-0ABEDFB6727B}.Debug|Any CPU.Build.0 = Debug|Any CPU
		{CC1B27E1-B0FA-4515-9F74-0ABEDFB6727B}.Release|Any CPU.ActiveCfg = Release|Any CPU
		{CC1B27E1-B0FA-4515-9F74-0ABEDFB6727B}.Release|Any CPU.Build.0 = Release|Any CPU
	EndGlobalSection
	GlobalSection(SolutionProperties) = preSolution
		HideSolutionNode = FALSE
	EndGlobalSection
	GlobalSection(ExtensibilityGlobals) = postSolution
		SolutionGuid = {4E7FC1DD-9A37-4E13-942B-CC482D291CBA}
	EndGlobalSection
EndGlobal
