
Microsoft Visual Studio Solution File, Format Version 12.00
# Visual Studio Version 16
VisualStudioVersion = 16.0.810.25
MinimumVisualStudioVersion = 10.0.40219.1
Project("{FAE04EC0-301F-11D3-BF4B-00C04F79EFBC}") = "HW_08_Array", "HW_08_Array.csproj", "{9F881680-4DDC-41A5-BAB7-79EF52AE96BF}"
EndProject
Global
	GlobalSection(SolutionConfigurationPlatforms) = preSolution
		Debug|Any CPU = Debug|Any CPU
		Release|Any CPU = Release|Any CPU
	EndGlobalSection
	GlobalSection(ProjectConfigurationPlatforms) = postSolution
		{9F881680-4DDC-41A5-BAB7-79EF52AE96BF}.Debug|Any CPU.ActiveCfg = Debug|Any CPU
		{9F881680-4DDC-41A5-BAB7-79EF52AE96BF}.Debug|Any CPU.Build.0 = Debug|Any CPU
		{9F881680-4DDC-41A5-BAB7-79EF52AE96BF}.Release|Any CPU.ActiveCfg = Release|Any CPU
		{9F881680-4DDC-41A5-BAB7-79EF52AE96BF}.Release|Any CPU.Build.0 = Release|Any CPU
	EndGlobalSection
	GlobalSection(SolutionProperties) = preSolution
		HideSolutionNode = FALSE
	EndGlobalSection
	GlobalSection(ExtensibilityGlobals) = postSolution
		SolutionGuid = {D19B32F7-44B9-4F16-9563-A2E6815E0829}
	EndGlobalSection
EndGlobal
